
Microsoft Visual Studio Solution File, Format Version 12.00
# Visual Studio Version 16
VisualStudioVersion = 16.0.35731.53
MinimumVisualStudioVersion = 10.0.40219.1
Project("{FAE04EC0-301F-11D3-BF4B-00C04F79EFBC}") = "probandoConocimientos", "probandoConocimientos\probandoConocimientos.csproj", "{4774D5D2-D2A9-4F78-8F75-21DD19526583}"
EndProject
Project("{FAE04EC0-301F-11D3-BF4B-00C04F79EFBC}") = "dominio", "dominio\dominio.csproj", "{B755AD5E-7D44-4FC1-BA77-E46FD0B8F7E5}"
EndProject
Project("{FAE04EC0-301F-11D3-BF4B-00C04F79EFBC}") = "negocio", "negocio\negocio.csproj", "{0137DAEC-5EA0-4B1B-A478-9A34FDD48189}"
EndProject
Global
	GlobalSection(SolutionConfigurationPlatforms) = preSolution
		Debug|Any CPU = Debug|Any CPU
		Release|Any CPU = Release|Any CPU
	EndGlobalSection
	GlobalSection(ProjectConfigurationPlatforms) = postSolution
		{4774D5D2-D2A9-4F78-8F75-21DD19526583}.Debug|Any CPU.ActiveCfg = Debug|Any CPU
		{4774D5D2-D2A9-4F78-8F75-21DD19526583}.Debug|Any CPU.Build.0 = Debug|Any CPU
		{4774D5D2-D2A9-4F78-8F75-21DD19526583}.Release|Any CPU.ActiveCfg = Release|Any CPU
		{4774D5D2-D2A9-4F78-8F75-21DD19526583}.Release|Any CPU.Build.0 = Release|Any CPU
		{B755AD5E-7D44-4FC1-BA77-E46FD0B8F7E5}.Debug|Any CPU.ActiveCfg = Debug|Any CPU
		{B755AD5E-7D44-4FC1-BA77-E46FD0B8F7E5}.Debug|Any CPU.Build.0 = Debug|Any CPU
		{B755AD5E-7D44-4FC1-BA77-E46FD0B8F7E5}.Release|Any CPU.ActiveCfg = Release|Any CPU
		{B755AD5E-7D44-4FC1-BA77-E46FD0B8F7E5}.Release|Any CPU.Build.0 = Release|Any CPU
		{0137DAEC-5EA0-4B1B-A478-9A34FDD48189}.Debug|Any CPU.ActiveCfg = Debug|Any CPU
		{0137DAEC-5EA0-4B1B-A478-9A34FDD48189}.Debug|Any CPU.Build.0 = Debug|Any CPU
		{0137DAEC-5EA0-4B1B-A478-9A34FDD48189}.Release|Any CPU.ActiveCfg = Release|Any CPU
		{0137DAEC-5EA0-4B1B-A478-9A34FDD48189}.Release|Any CPU.Build.0 = Release|Any CPU
	EndGlobalSection
	GlobalSection(SolutionProperties) = preSolution
		HideSolutionNode = FALSE
	EndGlobalSection
	GlobalSection(ExtensibilityGlobals) = postSolution
		SolutionGuid = {AF26D4E9-40B4-4452-90A4-50ABBE50652D}
	EndGlobalSection
EndGlobal
